# THIS IS AN AUTOGENERATED FILE. DO NOT EDIT THIS FILE DIRECTLY.
# yarn lockfile v1


bootstrap@^5.1.1:
  version "5.1.3"
  resolved "https://registry.yarnpkg.com/bootstrap/-/bootstrap-5.1.3.tgz#ba081b0c130f810fa70900acbc1c6d3c28fa8f34"
  integrity sha512-fcQztozJ8jToQWXxVuEyXWW+dSo8AiXWKwiSSrKWsRB/Qt+Ewwza+JWoLKiTuQLaEPhdNAJ7+Dosc9DOIqNy7Q==

gsap@^3.8.0:
  version "3.8.0"
  resolved "https://registry.yarnpkg.com/gsap/-/gsap-3.8.0.tgz#a404dd6ebbaabc92605539aea9d98e3098688064"
  integrity sha512-cvpzKkWFePDZCycwXwJnDSpTR3j+a4QLQF/t0c+pXqzRESgAYx5hieaoshzZFjbwsARqr0+5c3GKE7wI273w/g==

intl-tel-input@^17.0.13:
  version "17.0.13"
  resolved "https://registry.yarnpkg.com/intl-tel-input/-/intl-tel-input-17.0.13.tgz#74a51db3b44f47ae8264df7d101a0810e53c77a6"
  integrity sha512-+jPgPKUcgbhSSRN0BZLJOdntTaMv8tqowLrVQ3CGCNGpMKb4B9PRyzOZQpwo1FeA+LTOzvErOlBhbCuQog7R3g==

jquery@>=1.8.3, jquery@^3.6.0:
  version "3.6.0"
  resolved "https://registry.yarnpkg.com/jquery/-/jquery-3.6.0.tgz#c72a09f15c1bdce142f49dbf1170bdf8adac2470"
  integrity sha512-JVzAR/AjBvVt2BmYhxRCSYysDsPcssdmTFnzyLEts9qNwmjmu4JTAMYubEfwVOSwpQ1I1sKKFcxhZCI2buerfw==

owl.carousel@^2.3.4:
  version "2.3.4"
  resolved "https://registry.yarnpkg.com/owl.carousel/-/owl.carousel-2.3.4.tgz#6c53dc8d24304b790e4f27a1dc4a655e973ccdc9"
  integrity sha512-JaDss9+feAvEW8KZppPSpllfposEzQiW+Ytt/Xm5t/3CTJ7YVmkh6RkWixoA2yXk2boIwedYxOvrrppIGzru9A==
  dependencies:
    jquery ">=1.8.3"
